
Microsoft Visual Studio Solution File, Format Version 12.00
# Visual Studio Version 16
VisualStudioVersion = 16.0.33214.272
MinimumVisualStudioVersion = 10.0.40219.1
Project("{FAE04EC0-301F-11D3-BF4B-00C04F79EFBC}") = "valor-maior-menor-igual", "valor-maior-menor-igual\valor-maior-menor-igual.csproj", "{B771F5C0-F908-4825-9521-6DE90A6A861C}"
EndProject
Global
	GlobalSection(SolutionConfigurationPlatforms) = preSolution
		Debug|Any CPU = Debug|Any CPU
		Release|Any CPU = Release|Any CPU
	EndGlobalSection
	GlobalSection(ProjectConfigurationPlatforms) = postSolution
		{B771F5C0-F908-4825-9521-6DE90A6A861C}.Debug|Any CPU.ActiveCfg = Debug|Any CPU
		{B771F5C0-F908-4825-9521-6DE90A6A861C}.Debug|Any CPU.Build.0 = Debug|Any CPU
		{B771F5C0-F908-4825-9521-6DE90A6A861C}.Release|Any CPU.ActiveCfg = Release|Any CPU
		{B771F5C0-F908-4825-9521-6DE90A6A861C}.Release|Any CPU.Build.0 = Release|Any CPU
	EndGlobalSection
	GlobalSection(SolutionProperties) = preSolution
		HideSolutionNode = FALSE
	EndGlobalSection
	GlobalSection(ExtensibilityGlobals) = postSolution
		SolutionGuid = {6DC26CDD-C963-4F5E-902C-58F717CFD6E3}
	EndGlobalSection
EndGlobal
